
Microsoft Visual Studio Solution File, Format Version 12.00
# Visual Studio Version 16
VisualStudioVersion = 16.0.29025.244
MinimumVisualStudioVersion = 10.0.40219.1
Project("{FAE04EC0-301F-11D3-BF4B-00C04F79EFBC}") = "NetDisc", "NetDisc\NetDisc.csproj", "{3195589D-B9A2-4BDB-AAA7-3DCF82B2EB27}"
EndProject
Global
	GlobalSection(SolutionConfigurationPlatforms) = preSolution
		Debug|Any CPU = Debug|Any CPU
		Release|Any CPU = Release|Any CPU
	EndGlobalSection
	GlobalSection(ProjectConfigurationPlatforms) = postSolution
		{3195589D-B9A2-4BDB-AAA7-3DCF82B2EB27}.Debug|Any CPU.ActiveCfg = Debug|Any CPU
		{3195589D-B9A2-4BDB-AAA7-3DCF82B2EB27}.Debug|Any CPU.Build.0 = Debug|Any CPU
		{3195589D-B9A2-4BDB-AAA7-3DCF82B2EB27}.Release|Any CPU.ActiveCfg = Release|Any CPU
		{3195589D-B9A2-4BDB-AAA7-3DCF82B2EB27}.Release|Any CPU.Build.0 = Release|Any CPU
	EndGlobalSection
	GlobalSection(SolutionProperties) = preSolution
		HideSolutionNode = FALSE
	EndGlobalSection
	GlobalSection(ExtensibilityGlobals) = postSolution
		SolutionGuid = {948183E6-D4EB-4CC7-A9C2-A15AF572DB99}
	EndGlobalSection
EndGlobal
